
Microsoft Visual Studio Solution File, Format Version 12.00
# Visual Studio Version 17
VisualStudioVersion = 17.9.34511.98
MinimumVisualStudioVersion = 10.0.40219.1
Project("{8BC9CEB8-8B4A-11D0-8D11-00A0C91BC942}") = "Copilot", "Copilot\Copilot.vcxproj", "{6496C443-2500-416F-8119-DDDAEB7CB11B}"
EndProject
Global
	GlobalSection(SolutionConfigurationPlatforms) = preSolution
		Debug|x64 = Debug|x64
		Debug|x86 = Debug|x86
		Release|x64 = Release|x64
		Release|x86 = Release|x86
	EndGlobalSection
	GlobalSection(ProjectConfigurationPlatforms) = postSolution
		{6496C443-2500-416F-8119-DDDAEB7CB11B}.Debug|x64.ActiveCfg = Debug|x64
		{6496C443-2500-416F-8119-DDDAEB7CB11B}.Debug|x64.Build.0 = Debug|x64
		{6496C443-2500-416F-8119-DDDAEB7CB11B}.Debug|x86.ActiveCfg = Debug|Win32
		{6496C443-2500-416F-8119-DDDAEB7CB11B}.Debug|x86.Build.0 = Debug|Win32
		{6496C443-2500-416F-8119-DDDAEB7CB11B}.Release|x64.ActiveCfg = Release|x64
		{6496C443-2500-416F-8119-DDDAEB7CB11B}.Release|x64.Build.0 = Release|x64
		{6496C443-2500-416F-8119-DDDAEB7CB11B}.Release|x86.ActiveCfg = Release|Win32
		{6496C443-2500-416F-8119-DDDAEB7CB11B}.Release|x86.Build.0 = Release|Win32
	EndGlobalSection
	GlobalSection(SolutionProperties) = preSolution
		HideSolutionNode = FALSE
	EndGlobalSection
	GlobalSection(ExtensibilityGlobals) = postSolution
		SolutionGuid = {6B0A0FA0-89C6-4FB4-BD64-54571BCD15AF}
	EndGlobalSection
EndGlobal
